schema: '2.0'
stages:
  create_manifest:
    cmd: python scripts/create_manifest.py
    deps:
    - path: scripts/create_manifest.py
      hash: md5
      md5: 77ecb30a82680a4f09116f1b45f712df
      size: 506
      isexec: true
    outs:
    - path: data/manifests/en/clean.jsonl
      hash: md5
      md5: 6c23426dea5ebbfbe18bb53cdeb5eb27
      size: 99
      isexec: true
  text_to_phonemes:
    cmd: python scripts/text_to_phonemes.py
    deps:
    - path: data/manifests/en/clean.jsonl
      hash: md5
      md5: 6c23426dea5ebbfbe18bb53cdeb5eb27
      size: 99
      isexec: true
    - path: scripts/text_to_phonemes.py
      hash: md5
      md5: 1b11bf91b626d2a8fae40049257ccbe5
      size: 837
      isexec: true
    outs:
    - path: data/manifests/en/phonemes.jsonl
      hash: md5
      md5: 57a29c44fbc22b6a61670c87403c3336
      size: 157
      isexec: true
  add_noise:
    cmd: python scripts/add_noise.py
    deps:
    - path: data/manifests/en/phonemes.jsonl
      hash: md5
      md5: 57a29c44fbc22b6a61670c87403c3336
      size: 157
      isexec: true
    - path: scripts/add_noise.py
      hash: md5
      md5: 7cd577c0b77dabbf1694602a46f57423
      size: 743
      isexec: true
    outs:
    - path: data/manifests/en/noisy.jsonl
      hash: md5
      md5: ce69ae44cdd2d33c288acab98bdd6c76
      size: 188
      isexec: true
  inference:
    cmd: python scripts/inference.py
    deps:
    - path: data/manifests/en/noisy.jsonl
      hash: md5
      md5: ce69ae44cdd2d33c288acab98bdd6c76
      size: 188
      isexec: true
    - path: scripts/inference.py
      hash: md5
      md5: 0c24c34041b3158b4176a37036968ff9
      size: 645
      isexec: true
    outs:
    - path: data/manifests/en/hypotheses.jsonl
      hash: md5
      md5: 4da02c5e278ad83ec1b43cbd835e605f
      size: 217
      isexec: true
