schema: '2.0'
stages:
  create_manifest:
    cmd: python scripts/create_manifest.py
    deps:
    - path: data/raw/en/
      hash: md5
      md5: e5925a06a6054335571fb97d2315f477.dir
      size: 3022426
      nfiles: 4
    - path: scripts/create_manifest.py
      hash: md5
      md5: d2a77a02e8e46d166e49f3d262e96fb2
      size: 1896
      isexec: true
    outs:
    - path: data/manifests/en/clean.jsonl
      hash: md5
      md5: abb58d5b3ea21a28a585a1bd11cc7289
      size: 325
      isexec: true
  phoneme_conversion:
    cmd: python scripts/phoneme_conversion.py
    deps:
    - path: data/manifests/en/clean.jsonl
      hash: md5
      md5: abb58d5b3ea21a28a585a1bd11cc7289
      size: 325
      isexec: true
    - path: scripts/phoneme_conversion.py
      hash: md5
      md5: 8ac11acbe2a138b87b26e96f0080eeb4
      size: 1162
      isexec: true
    outs:
    - path: data/manifests/en/phonemes.jsonl
      hash: md5
      md5: 4d0c1bfcabeb15668602ce105bc3e8e1
      size: 595
      isexec: true
  noise_injection:
    cmd: python scripts/noise_injection.py
    deps:
    - path: data/manifests/en/phonemes.jsonl
      hash: md5
      md5: 4d0c1bfcabeb15668602ce105bc3e8e1
      size: 595
      isexec: true
    - path: scripts/noise_injection.py
      hash: md5
      md5: 452fb147624341385977295d6f7e14fd
      size: 1658
      isexec: true
    outs:
    - path: data/manifests/en/noisy.jsonl
      hash: md5
      md5: 56c8455b97bc523cecfb3f42794f5bee
      size: 3293
      isexec: true
  inference:
    cmd: python scripts/inference.py
    deps:
    - path: data/manifests/en/noisy.jsonl
      hash: md5
      md5: 56c8455b97bc523cecfb3f42794f5bee
      size: 3293
      isexec: true
    - path: scripts/inference.py
      hash: md5
      md5: 82b99f60fa9d4cefe7c82b448c60eb3e
      size: 1717
      isexec: true
    outs:
    - path: data/manifests/en/hypotheses.jsonl
      hash: md5
      md5: 1923c4fde479bebf13359577b84d806e
      size: 4440
      isexec: true
  merge_hi:
    cmd: cat results/hi_whisper_chunk1.jsonl results/hi_whisper_chunk2.jsonl 
      results/hi_whisper_chunk3.jsonl results/hi_whisper_chunk4.jsonl 
      results/hi_whisper_chunk5.jsonl results/hi_whisper_chunk6.jsonl > 
      results/hi_whisper_full.jsonl
    deps:
    - path: results/hi_whisper_chunk1.jsonl
      hash: md5
      md5: 8668ad3656a461052ea7c8974ec219df
      size: 492164
      isexec: true
    - path: results/hi_whisper_chunk2.jsonl
      hash: md5
      md5: e1a9d7d69f88810c99f6da7a14f61769
      size: 485486
      isexec: true
    - path: results/hi_whisper_chunk3.jsonl
      hash: md5
      md5: 1df14a8f6d85546f541836034ede3ea1
      size: 477362
      isexec: true
    - path: results/hi_whisper_chunk4.jsonl
      hash: md5
      md5: 03c6267746b6a08da7876a2dbf273b29
      size: 517409
      isexec: true
    - path: results/hi_whisper_chunk5.jsonl
      hash: md5
      md5: 069318b5942ec764889d0bc2d7716818
      size: 504959
      isexec: true
    - path: results/hi_whisper_chunk6.jsonl
      hash: md5
      md5: 64986e6ce18ae64db9439d7ea09ba01e
      size: 259071
      isexec: true
    outs:
    - path: results/hi_whisper_full.jsonl
      hash: md5
      md5: bfba0dd96c78c0dfdd8ee5808f73bc66
      size: 2736451
      isexec: true
